
Microsoft Visual Studio Solution File, Format Version 12.00
# Visual Studio Version 16
VisualStudioVersion = 16.0.29025.244
MinimumVisualStudioVersion = 10.0.40219.1
Project("{9A19103F-16F7-4668-BE54-9A1E7A4F7556}") = "Checkout_Kata", "Checkout_Kata\Checkout_Kata.csproj", "{93E8BA01-20AB-477E-94F1-9E8681250BB1}"
EndProject
Project("{FAE04EC0-301F-11D3-BF4B-00C04F79EFBC}") = "Checkout_Kata_Tests", "Checkout_Kata_Tests\Checkout_Kata_Tests.csproj", "{FC9C157F-4B8E-4685-9EA1-E466AF1DAA07}"
EndProject
Global
	GlobalSection(SolutionConfigurationPlatforms) = preSolution
		Debug|Any CPU = Debug|Any CPU
		Release|Any CPU = Release|Any CPU
	EndGlobalSection
	GlobalSection(ProjectConfigurationPlatforms) = postSolution
		{93E8BA01-20AB-477E-94F1-9E8681250BB1}.Debug|Any CPU.ActiveCfg = Debug|Any CPU
		{93E8BA01-20AB-477E-94F1-9E8681250BB1}.Debug|Any CPU.Build.0 = Debug|Any CPU
		{93E8BA01-20AB-477E-94F1-9E8681250BB1}.Release|Any CPU.ActiveCfg = Release|Any CPU
		{93E8BA01-20AB-477E-94F1-9E8681250BB1}.Release|Any CPU.Build.0 = Release|Any CPU
		{FC9C157F-4B8E-4685-9EA1-E466AF1DAA07}.Debug|Any CPU.ActiveCfg = Debug|Any CPU
		{FC9C157F-4B8E-4685-9EA1-E466AF1DAA07}.Debug|Any CPU.Build.0 = Debug|Any CPU
		{FC9C157F-4B8E-4685-9EA1-E466AF1DAA07}.Release|Any CPU.ActiveCfg = Release|Any CPU
		{FC9C157F-4B8E-4685-9EA1-E466AF1DAA07}.Release|Any CPU.Build.0 = Release|Any CPU
	EndGlobalSection
	GlobalSection(SolutionProperties) = preSolution
		HideSolutionNode = FALSE
	EndGlobalSection
	GlobalSection(ExtensibilityGlobals) = postSolution
		SolutionGuid = {62E7DD47-ADEB-4007-B50C-112CF7B0393B}
	EndGlobalSection
EndGlobal
